{
  "requires": true,
  "lockfileVersion": 1,
  "dependencies": {
    "@serverless-devs/core": {
      "version": "0.1.59",
      "resolved": "https://registry.npmjs.org/@serverless-devs/core/-/core-0.1.59.tgz",
      "integrity": "sha512-0kAVGfOVjmkFW9WusEa9zQXlERGSsS14l4l1BFjjHO73EO9HZYQlO1QWm9wFf8G6BkzAaxKqtTFHOIjUo9bCcg=="
    }
  }
}
